<?xml version="1.0" encoding="utf-8"?>
<Project ToolsVersion="4.0" xmlns="http://schemas.microsoft.com/developer/msbuild/2003">
  <ItemGroup>
    <Filter Include="Resource Files">
      <UniqueIdentifier>{67DA6AB6-F800-4c08-8B7A-83BB121AAD01}</UniqueIdentifier>
      <Extensions>rc;ico;cur;bmp;dlg;rc2;rct;bin;rgs;gif;jpg;jpeg;jpe;resx;tiff;tif;png;wav;mfcribbon-ms</Extensions>
    </Filter>
    <Filter Include="Util">
      <UniqueIdentifier>{cc43139a-210c-4501-abb5-3a6f30922cde}</UniqueIdentifier>
    </Filter>
    <Filter Include="Test Files">
      <UniqueIdentifier>{44c490a5-fb05-40b4-ae18-2c4d58ba3776}</UniqueIdentifier>
    </Filter>
    <Filter Include="Inner Classes">
      <UniqueIdentifier>{90bbbf31-23b3-4eba-8544-32e14e3f3a80}</UniqueIdentifier>
    </Filter>
    <Filter Include="dxerr">
      <UniqueIdentifier>{bbbe13c3-4a45-4d83-8cdb-b6bb0da3b50e}</UniqueIdentifier>
    </Filter>
    <Filter Include="Gfxs">
      <UniqueIdentifier>{9a369791-2f0e-4ef2-b7fb-91915b1abcc1}</UniqueIdentifier>
    </Filter>
    <Filter Include="Infra">
      <UniqueIdentifier>{25879923-009f-416a-a725-7d2f9f415b56}</UniqueIdentifier>
    </Filter>
    <Filter Include="Inputs">
      <UniqueIdentifier>{99f6869e-8db1-44da-8e86-39fee952a2b5}</UniqueIdentifier>
    </Filter>
    <Filter Include="Apps">
      <UniqueIdentifier>{b91bf71d-c8cd-4405-bb57-dd301cdc58a3}</UniqueIdentifier>
    </Filter>
    <Filter Include="Main Files">
      <UniqueIdentifier>{4FC737F1-C7A5-4376-A066-2A32D752A2FF}</UniqueIdentifier>
      <Extensions>cpp;c;cc;cxx;c++;cppm;ixx;def;odl;idl;hpj;bat;asm;asmx</Extensions>
    </Filter>
  </ItemGroup>
  <ItemGroup>
    <ClCompile Include="WinMain.cpp">
      <Filter>Main Files</Filter>
    </ClCompile>
    <ClCompile Include="AppTest.cpp">
      <Filter>Test Files</Filter>
    </ClCompile>
    <ClCompile Include="WindowException.cpp">
      <Filter>Inner Classes</Filter>
    </ClCompile>
    <ClCompile Include="dxerr.cpp">
      <Filter>dxerr</Filter>
    </ClCompile>
    <ClCompile Include="GraphicsException.cpp">
      <Filter>Inner Classes</Filter>
    </ClCompile>
    <ClCompile Include="Graphics.cpp">
      <Filter>Gfxs</Filter>
    </ClCompile>
    <ClCompile Include="ChiliException.cpp">
      <Filter>Infra</Filter>
    </ClCompile>
    <ClCompile Include="ChiliTimer.cpp">
      <Filter>Infra</Filter>
    </ClCompile>
    <ClCompile Include="Mouse.cpp">
      <Filter>Inputs</Filter>
    </ClCompile>
    <ClCompile Include="Keyboard.cpp">
      <Filter>Inputs</Filter>
    </ClCompile>
    <ClCompile Include="App.cpp">
      <Filter>Apps</Filter>
    </ClCompile>
    <ClCompile Include="Window.cpp">
      <Filter>Apps</Filter>
    </ClCompile>
    <ClCompile Include="WindowsMessageMap.cpp">
      <Filter>Apps</Filter>
    </ClCompile>
    <ClCompile Include="DxgiInfoManager.cpp">
      <Filter>Gfxs</Filter>
    </ClCompile>
  </ItemGroup>
  <ItemGroup>
    <ClInclude Include="StringConverter.h">
      <Filter>Util</Filter>
    </ClInclude>
    <ClInclude Include="dxerr.h">
      <Filter>dxerr</Filter>
    </ClInclude>
    <ClInclude Include="Graphics.h">
      <Filter>Gfxs</Filter>
    </ClInclude>
    <ClInclude Include="GraphicsThrowMacros.h">
      <Filter>Gfxs</Filter>
    </ClInclude>
    <ClInclude Include="ChiliException.h">
      <Filter>Infra</Filter>
    </ClInclude>
    <ClInclude Include="ChiliTimer.h">
      <Filter>Infra</Filter>
    </ClInclude>
    <ClInclude Include="Mouse.h">
      <Filter>Inputs</Filter>
    </ClInclude>
    <ClInclude Include="Keyboard.h">
      <Filter>Inputs</Filter>
    </ClInclude>
    <ClInclude Include="App.h">
      <Filter>Apps</Filter>
    </ClInclude>
    <ClInclude Include="ChiliWin.h">
      <Filter>Infra</Filter>
    </ClInclude>
    <ClInclude Include="Window.h">
      <Filter>Apps</Filter>
    </ClInclude>
    <ClInclude Include="WindowsMessageMap.h">
      <Filter>Apps</Filter>
    </ClInclude>
    <ClInclude Include="DxgiInfoManager.h">
      <Filter>Gfxs</Filter>
    </ClInclude>
  </ItemGroup>
  <ItemGroup>
    <Text Include="DXGetErrorDescription.inl">
      <Filter>dxerr</Filter>
    </Text>
    <Text Include="DXGetErrorString.inl">
      <Filter>dxerr</Filter>
    </Text>
    <Text Include="DXTrace.inl">
      <Filter>dxerr</Filter>
    </Text>
  </ItemGroup>
</Project>